# THIS IS AN AUTOGENERATED FILE. DO NOT EDIT THIS FILE DIRECTLY.
# yarn lockfile v1


"@types/module-alias@^2.0.4":
  version "2.0.4"
  resolved "https://registry.yarnpkg.com/@types/module-alias/-/module-alias-2.0.4.tgz#c6a784be6bc2ff5424889e23084ac001454d5f00"
  integrity sha512-5+G/QXO/DvHZw60FjvbDzO4JmlD/nG5m2/vVGt25VN1eeP3w2bCoks1Wa7VuptMPM1TxJdx6RjO70N9Fw0nZPA==

"@types/node@^22.13.10":
  version "22.13.10"
  resolved "https://registry.yarnpkg.com/@types/node/-/node-22.13.10.tgz#df9ea358c5ed991266becc3109dc2dc9125d77e4"
  integrity sha512-I6LPUvlRH+O6VRUqYOcMudhaIdUVWfsjnZavnsraHvpBwaEyMN29ry+0UVJhImYL16xsscu0aske3yA+uPOWfw==
  dependencies:
    undici-types "~6.20.0"

module-alias@^2.2.3:
  version "2.2.3"
  resolved "https://registry.yarnpkg.com/module-alias/-/module-alias-2.2.3.tgz#ec2e85c68973bda6ab71ce7c93b763ec96053221"
  integrity sha512-23g5BFj4zdQL/b6tor7Ji+QY4pEfNH784BMslY9Qb0UnJWRAt+lQGLYmRaM0KDBwIG23ffEBELhZDP2rhi9f/Q==

typescript@^5.8.2:
  version "5.8.2"
  resolved "https://registry.yarnpkg.com/typescript/-/typescript-5.8.2.tgz#8170b3702f74b79db2e5a96207c15e65807999e4"
  integrity sha512-aJn6wq13/afZp/jT9QZmwEjDqqvSGp1VT5GVg+f/t6/oVyrgXM6BY1h9BRh/O5p3PlUPAe+WuiEZOmb/49RqoQ==

undici-types@~6.20.0:
  version "6.20.0"
  resolved "https://registry.yarnpkg.com/undici-types/-/undici-types-6.20.0.tgz#8171bf22c1f588d1554d55bf204bc624af388433"
  integrity sha512-Ny6QZ2Nju20vw1SRHe3d9jVu6gJ+4e3+MMpqu7pqE5HT6WsTSlce++GQmK5UXS8mzV8DSYHrQH+Xrf2jVcuKNg==
